
Microsoft Visual Studio Solution File, Format Version 12.00
# Visual Studio Version 16
VisualStudioVersion = 16.0.32413.511
MinimumVisualStudioVersion = 10.0.40219.1
Project("{9A19103F-16F7-4668-BE54-9A1E7A4F7556}") = "Domain", "Domain\Domain.csproj", "{E0E8C140-BEE1-47FD-937E-B5132C4958FC}"
EndProject
Project("{9A19103F-16F7-4668-BE54-9A1E7A4F7556}") = "Application", "Library\Application.csproj", "{503BC8DF-F997-4769-BA07-836F722F36A8}"
EndProject
Project("{9A19103F-16F7-4668-BE54-9A1E7A4F7556}") = "API", "API\API.csproj", "{E2E9D790-EDEB-4C73-926A-3CAF4680A772}"
EndProject
Project("{9A19103F-16F7-4668-BE54-9A1E7A4F7556}") = "Persistence", "Persistence\Persistence.csproj", "{3FA1E5C9-D7A9-4C2C-8162-BE9830EEB22F}"
EndProject
Project("{FAE04EC0-301F-11D3-BF4B-00C04F79EFBC}") = "Tests", "Tests\Tests.csproj", "{2BF47EE7-C225-411F-91AB-82F107CB4370}"
EndProject
Global
	GlobalSection(SolutionConfigurationPlatforms) = preSolution
		Debug|Any CPU = Debug|Any CPU
		Release|Any CPU = Release|Any CPU
	EndGlobalSection
	GlobalSection(ProjectConfigurationPlatforms) = postSolution
		{E0E8C140-BEE1-47FD-937E-B5132C4958FC}.Debug|Any CPU.ActiveCfg = Debug|Any CPU
		{E0E8C140-BEE1-47FD-937E-B5132C4958FC}.Debug|Any CPU.Build.0 = Debug|Any CPU
		{E0E8C140-BEE1-47FD-937E-B5132C4958FC}.Release|Any CPU.ActiveCfg = Release|Any CPU
		{E0E8C140-BEE1-47FD-937E-B5132C4958FC}.Release|Any CPU.Build.0 = Release|Any CPU
		{503BC8DF-F997-4769-BA07-836F722F36A8}.Debug|Any CPU.ActiveCfg = Debug|Any CPU
		{503BC8DF-F997-4769-BA07-836F722F36A8}.Debug|Any CPU.Build.0 = Debug|Any CPU
		{503BC8DF-F997-4769-BA07-836F722F36A8}.Release|Any CPU.ActiveCfg = Release|Any CPU
		{503BC8DF-F997-4769-BA07-836F722F36A8}.Release|Any CPU.Build.0 = Release|Any CPU
		{E2E9D790-EDEB-4C73-926A-3CAF4680A772}.Debug|Any CPU.ActiveCfg = Debug|Any CPU
		{E2E9D790-EDEB-4C73-926A-3CAF4680A772}.Debug|Any CPU.Build.0 = Debug|Any CPU
		{E2E9D790-EDEB-4C73-926A-3CAF4680A772}.Release|Any CPU.ActiveCfg = Release|Any CPU
		{E2E9D790-EDEB-4C73-926A-3CAF4680A772}.Release|Any CPU.Build.0 = Release|Any CPU
		{3FA1E5C9-D7A9-4C2C-8162-BE9830EEB22F}.Debug|Any CPU.ActiveCfg = Debug|Any CPU
		{3FA1E5C9-D7A9-4C2C-8162-BE9830EEB22F}.Debug|Any CPU.Build.0 = Debug|Any CPU
		{3FA1E5C9-D7A9-4C2C-8162-BE9830EEB22F}.Release|Any CPU.ActiveCfg = Release|Any CPU
		{3FA1E5C9-D7A9-4C2C-8162-BE9830EEB22F}.Release|Any CPU.Build.0 = Release|Any CPU
		{2BF47EE7-C225-411F-91AB-82F107CB4370}.Debug|Any CPU.ActiveCfg = Debug|Any CPU
		{2BF47EE7-C225-411F-91AB-82F107CB4370}.Debug|Any CPU.Build.0 = Debug|Any CPU
		{2BF47EE7-C225-411F-91AB-82F107CB4370}.Release|Any CPU.ActiveCfg = Release|Any CPU
		{2BF47EE7-C225-411F-91AB-82F107CB4370}.Release|Any CPU.Build.0 = Release|Any CPU
	EndGlobalSection
	GlobalSection(SolutionProperties) = preSolution
		HideSolutionNode = FALSE
	EndGlobalSection
	GlobalSection(ExtensibilityGlobals) = postSolution
		SolutionGuid = {6382DF92-313A-44A0-84C5-ABBC6EC8869B}
	EndGlobalSection
EndGlobal
